
Microsoft Visual Studio Solution File, Format Version 12.00
# Visual Studio Version 17
VisualStudioVersion = 17.4.33103.184
MinimumVisualStudioVersion = 10.0.40219.1
Project("{FAE04EC0-301F-11D3-BF4B-00C04F79EFBC}") = "Company Employees", "Company Employees.csproj", "{2665E19D-F6A1-4F43-BC73-D2CC27842E3E}"
EndProject
Global
	GlobalSection(SolutionConfigurationPlatforms) = preSolution
		Debug|Any CPU = Debug|Any CPU
		Release|Any CPU = Release|Any CPU
	EndGlobalSection
	GlobalSection(ProjectConfigurationPlatforms) = postSolution
		{2665E19D-F6A1-4F43-BC73-D2CC27842E3E}.Debug|Any CPU.ActiveCfg = Debug|Any CPU
		{2665E19D-F6A1-4F43-BC73-D2CC27842E3E}.Debug|Any CPU.Build.0 = Debug|Any CPU
		{2665E19D-F6A1-4F43-BC73-D2CC27842E3E}.Release|Any CPU.ActiveCfg = Release|Any CPU
		{2665E19D-F6A1-4F43-BC73-D2CC27842E3E}.Release|Any CPU.Build.0 = Release|Any CPU
	EndGlobalSection
	GlobalSection(SolutionProperties) = preSolution
		HideSolutionNode = FALSE
	EndGlobalSection
	GlobalSection(ExtensibilityGlobals) = postSolution
		SolutionGuid = {92585C7E-8B1B-4F6C-AABC-676AB18DD851}
	EndGlobalSection
EndGlobal
